
Microsoft Visual Studio Solution File, Format Version 12.00
# Visual Studio Version 16
VisualStudioVersion = 16.0.32228.343
MinimumVisualStudioVersion = 10.0.40219.1
Project("{FAE04EC0-301F-11D3-BF4B-00C04F79EFBC}") = "BinanceApi1", "BinanceApi1\BinanceApi1.csproj", "{DE63CFA5-2EC7-4B46-86F0-AF6932FAC476}"
EndProject
Global
	GlobalSection(SolutionConfigurationPlatforms) = preSolution
		Debug|Any CPU = Debug|Any CPU
		Release|Any CPU = Release|Any CPU
	EndGlobalSection
	GlobalSection(ProjectConfigurationPlatforms) = postSolution
		{DE63CFA5-2EC7-4B46-86F0-AF6932FAC476}.Debug|Any CPU.ActiveCfg = Debug|Any CPU
		{DE63CFA5-2EC7-4B46-86F0-AF6932FAC476}.Debug|Any CPU.Build.0 = Debug|Any CPU
		{DE63CFA5-2EC7-4B46-86F0-AF6932FAC476}.Release|Any CPU.ActiveCfg = Release|Any CPU
		{DE63CFA5-2EC7-4B46-86F0-AF6932FAC476}.Release|Any CPU.Build.0 = Release|Any CPU
	EndGlobalSection
	GlobalSection(SolutionProperties) = preSolution
		HideSolutionNode = FALSE
	EndGlobalSection
	GlobalSection(ExtensibilityGlobals) = postSolution
		SolutionGuid = {7080C0A6-51EF-4240-ACA9-81A46A2C8409}
	EndGlobalSection
EndGlobal
